
Microsoft Visual Studio Solution File, Format Version 12.00
# Visual Studio Version 17
VisualStudioVersion = 17.2.32516.85
MinimumVisualStudioVersion = 10.0.40219.1
Project("{FAE04EC0-301F-11D3-BF4B-00C04F79EFBC}") = "PaymentAPI", "PaymentAPI.csproj", "{21506C6C-D60A-4EF2-80C7-F905F37B2C2A}"
EndProject
Global
	GlobalSection(SolutionConfigurationPlatforms) = preSolution
		Debug|Any CPU = Debug|Any CPU
		Release|Any CPU = Release|Any CPU
	EndGlobalSection
	GlobalSection(ProjectConfigurationPlatforms) = postSolution
		{21506C6C-D60A-4EF2-80C7-F905F37B2C2A}.Debug|Any CPU.ActiveCfg = Debug|Any CPU
		{21506C6C-D60A-4EF2-80C7-F905F37B2C2A}.Debug|Any CPU.Build.0 = Debug|Any CPU
		{21506C6C-D60A-4EF2-80C7-F905F37B2C2A}.Release|Any CPU.ActiveCfg = Release|Any CPU
		{21506C6C-D60A-4EF2-80C7-F905F37B2C2A}.Release|Any CPU.Build.0 = Release|Any CPU
	EndGlobalSection
	GlobalSection(SolutionProperties) = preSolution
		HideSolutionNode = FALSE
	EndGlobalSection
	GlobalSection(ExtensibilityGlobals) = postSolution
		SolutionGuid = {0FE849C8-5F4E-4E9A-884C-ECBD29B70449}
	EndGlobalSection
EndGlobal
